
Microsoft Visual Studio Solution File, Format Version 12.00
# Visual Studio Version 16
VisualStudioVersion = 16.0.30114.105
MinimumVisualStudioVersion = 10.0.40219.1
Project("{F2A71F9B-5D33-465A-A702-920D77279786}") = "HelloWorld", "HelloWorld\HelloWorld.fsproj", "{D158F669-3AFD-4476-8F77-7F1C48D7BD39}"
EndProject
Project("{F2A71F9B-5D33-465A-A702-920D77279786}") = "VariablesAndDataTypes", "VariablesAndDataTypes\VariablesAndDataTypes.fsproj", "{66AC1DF0-2A3D-4EF7-9AD7-1B2CE96A12F7}"
EndProject
Project("{F2A71F9B-5D33-465A-A702-920D77279786}") = "MathOperations", "MathOperations\MathOperations.fsproj", "{C56BEEEE-D6C9-4469-9D37-1319D35CFB27}"
EndProject
Project("{F2A71F9B-5D33-465A-A702-920D77279786}") = "ConditionalsAndLoops", "ConditionalsAndLoops\ConditionalsAndLoops.fsproj", "{1CFFE094-5E86-46CC-BA7F-DFD5D85064E5}"
EndProject
Project("{F2A71F9B-5D33-465A-A702-920D77279786}") = "Collections", "Collections\Collections.fsproj", "{2DD6B4EF-4ACD-4592-A4DE-F5C4A8C9A828}"
EndProject
Global
	GlobalSection(SolutionConfigurationPlatforms) = preSolution
		Debug|Any CPU = Debug|Any CPU
		Debug|x64 = Debug|x64
		Debug|x86 = Debug|x86
		Release|Any CPU = Release|Any CPU
		Release|x64 = Release|x64
		Release|x86 = Release|x86
	EndGlobalSection
	GlobalSection(SolutionProperties) = preSolution
		HideSolutionNode = FALSE
	EndGlobalSection
	GlobalSection(ProjectConfigurationPlatforms) = postSolution
		{D158F669-3AFD-4476-8F77-7F1C48D7BD39}.Debug|Any CPU.ActiveCfg = Debug|Any CPU
		{D158F669-3AFD-4476-8F77-7F1C48D7BD39}.Debug|Any CPU.Build.0 = Debug|Any CPU
		{D158F669-3AFD-4476-8F77-7F1C48D7BD39}.Debug|x64.ActiveCfg = Debug|Any CPU
		{D158F669-3AFD-4476-8F77-7F1C48D7BD39}.Debug|x64.Build.0 = Debug|Any CPU
		{D158F669-3AFD-4476-8F77-7F1C48D7BD39}.Debug|x86.ActiveCfg = Debug|Any CPU
		{D158F669-3AFD-4476-8F77-7F1C48D7BD39}.Debug|x86.Build.0 = Debug|Any CPU
		{D158F669-3AFD-4476-8F77-7F1C48D7BD39}.Release|Any CPU.ActiveCfg = Release|Any CPU
		{D158F669-3AFD-4476-8F77-7F1C48D7BD39}.Release|Any CPU.Build.0 = Release|Any CPU
		{D158F669-3AFD-4476-8F77-7F1C48D7BD39}.Release|x64.ActiveCfg = Release|Any CPU
		{D158F669-3AFD-4476-8F77-7F1C48D7BD39}.Release|x64.Build.0 = Release|Any CPU
		{D158F669-3AFD-4476-8F77-7F1C48D7BD39}.Release|x86.ActiveCfg = Release|Any CPU
		{D158F669-3AFD-4476-8F77-7F1C48D7BD39}.Release|x86.Build.0 = Release|Any CPU
		{66AC1DF0-2A3D-4EF7-9AD7-1B2CE96A12F7}.Debug|Any CPU.ActiveCfg = Debug|Any CPU
		{66AC1DF0-2A3D-4EF7-9AD7-1B2CE96A12F7}.Debug|Any CPU.Build.0 = Debug|Any CPU
		{66AC1DF0-2A3D-4EF7-9AD7-1B2CE96A12F7}.Debug|x64.ActiveCfg = Debug|Any CPU
		{66AC1DF0-2A3D-4EF7-9AD7-1B2CE96A12F7}.Debug|x64.Build.0 = Debug|Any CPU
		{66AC1DF0-2A3D-4EF7-9AD7-1B2CE96A12F7}.Debug|x86.ActiveCfg = Debug|Any CPU
		{66AC1DF0-2A3D-4EF7-9AD7-1B2CE96A12F7}.Debug|x86.Build.0 = Debug|Any CPU
		{66AC1DF0-2A3D-4EF7-9AD7-1B2CE96A12F7}.Release|Any CPU.ActiveCfg = Release|Any CPU
		{66AC1DF0-2A3D-4EF7-9AD7-1B2CE96A12F7}.Release|Any CPU.Build.0 = Release|Any CPU
		{66AC1DF0-2A3D-4EF7-9AD7-1B2CE96A12F7}.Release|x64.ActiveCfg = Release|Any CPU
		{66AC1DF0-2A3D-4EF7-9AD7-1B2CE96A12F7}.Release|x64.Build.0 = Release|Any CPU
		{66AC1DF0-2A3D-4EF7-9AD7-1B2CE96A12F7}.Release|x86.ActiveCfg = Release|Any CPU
		{66AC1DF0-2A3D-4EF7-9AD7-1B2CE96A12F7}.Release|x86.Build.0 = Release|Any CPU
		{C56BEEEE-D6C9-4469-9D37-1319D35CFB27}.Debug|Any CPU.ActiveCfg = Debug|Any CPU
		{C56BEEEE-D6C9-4469-9D37-1319D35CFB27}.Debug|Any CPU.Build.0 = Debug|Any CPU
		{C56BEEEE-D6C9-4469-9D37-1319D35CFB27}.Debug|x64.ActiveCfg = Debug|Any CPU
		{C56BEEEE-D6C9-4469-9D37-1319D35CFB27}.Debug|x64.Build.0 = Debug|Any CPU
		{C56BEEEE-D6C9-4469-9D37-1319D35CFB27}.Debug|x86.ActiveCfg = Debug|Any CPU
		{C56BEEEE-D6C9-4469-9D37-1319D35CFB27}.Debug|x86.Build.0 = Debug|Any CPU
		{C56BEEEE-D6C9-4469-9D37-1319D35CFB27}.Release|Any CPU.ActiveCfg = Release|Any CPU
		{C56BEEEE-D6C9-4469-9D37-1319D35CFB27}.Release|Any CPU.Build.0 = Release|Any CPU
		{C56BEEEE-D6C9-4469-9D37-1319D35CFB27}.Release|x64.ActiveCfg = Release|Any CPU
		{C56BEEEE-D6C9-4469-9D37-1319D35CFB27}.Release|x64.Build.0 = Release|Any CPU
		{C56BEEEE-D6C9-4469-9D37-1319D35CFB27}.Release|x86.ActiveCfg = Release|Any CPU
		{C56BEEEE-D6C9-4469-9D37-1319D35CFB27}.Release|x86.Build.0 = Release|Any CPU
		{1CFFE094-5E86-46CC-BA7F-DFD5D85064E5}.Debug|Any CPU.ActiveCfg = Debug|Any CPU
		{1CFFE094-5E86-46CC-BA7F-DFD5D85064E5}.Debug|Any CPU.Build.0 = Debug|Any CPU
		{1CFFE094-5E86-46CC-BA7F-DFD5D85064E5}.Debug|x64.ActiveCfg = Debug|Any CPU
		{1CFFE094-5E86-46CC-BA7F-DFD5D85064E5}.Debug|x64.Build.0 = Debug|Any CPU
		{1CFFE094-5E86-46CC-BA7F-DFD5D85064E5}.Debug|x86.ActiveCfg = Debug|Any CPU
		{1CFFE094-5E86-46CC-BA7F-DFD5D85064E5}.Debug|x86.Build.0 = Debug|Any CPU
		{1CFFE094-5E86-46CC-BA7F-DFD5D85064E5}.Release|Any CPU.ActiveCfg = Release|Any CPU
		{1CFFE094-5E86-46CC-BA7F-DFD5D85064E5}.Release|Any CPU.Build.0 = Release|Any CPU
		{1CFFE094-5E86-46CC-BA7F-DFD5D85064E5}.Release|x64.ActiveCfg = Release|Any CPU
		{1CFFE094-5E86-46CC-BA7F-DFD5D85064E5}.Release|x64.Build.0 = Release|Any CPU
		{1CFFE094-5E86-46CC-BA7F-DFD5D85064E5}.Release|x86.ActiveCfg = Release|Any CPU
		{1CFFE094-5E86-46CC-BA7F-DFD5D85064E5}.Release|x86.Build.0 = Release|Any CPU
		{2DD6B4EF-4ACD-4592-A4DE-F5C4A8C9A828}.Debug|Any CPU.ActiveCfg = Debug|Any CPU
		{2DD6B4EF-4ACD-4592-A4DE-F5C4A8C9A828}.Debug|Any CPU.Build.0 = Debug|Any CPU
		{2DD6B4EF-4ACD-4592-A4DE-F5C4A8C9A828}.Debug|x64.ActiveCfg = Debug|Any CPU
		{2DD6B4EF-4ACD-4592-A4DE-F5C4A8C9A828}.Debug|x64.Build.0 = Debug|Any CPU
		{2DD6B4EF-4ACD-4592-A4DE-F5C4A8C9A828}.Debug|x86.ActiveCfg = Debug|Any CPU
		{2DD6B4EF-4ACD-4592-A4DE-F5C4A8C9A828}.Debug|x86.Build.0 = Debug|Any CPU
		{2DD6B4EF-4ACD-4592-A4DE-F5C4A8C9A828}.Release|Any CPU.ActiveCfg = Release|Any CPU
		{2DD6B4EF-4ACD-4592-A4DE-F5C4A8C9A828}.Release|Any CPU.Build.0 = Release|Any CPU
		{2DD6B4EF-4ACD-4592-A4DE-F5C4A8C9A828}.Release|x64.ActiveCfg = Release|Any CPU
		{2DD6B4EF-4ACD-4592-A4DE-F5C4A8C9A828}.Release|x64.Build.0 = Release|Any CPU
		{2DD6B4EF-4ACD-4592-A4DE-F5C4A8C9A828}.Release|x86.ActiveCfg = Release|Any CPU
		{2DD6B4EF-4ACD-4592-A4DE-F5C4A8C9A828}.Release|x86.Build.0 = Release|Any CPU
	EndGlobalSection
EndGlobal
