
Microsoft Visual Studio Solution File, Format Version 12.00
# Visual Studio Version 16
VisualStudioVersion = 16.0.30114.105
MinimumVisualStudioVersion = 10.0.40219.1
Project("{2150E333-8FDC-42A3-9474-1A3956D46DE8}") = "Programs", "Programs", "{CBD073E3-139D-4B4B-8080-8686F4DC454E}"
EndProject
Project("{2150E333-8FDC-42A3-9474-1A3956D46DE8}") = "Docs", "Docs", "{88FDD851-63AA-4598-A261-55B598931A78}"
ProjectSection(SolutionItems) = preProject
	.gitignore = .gitignore
	README.md = README.md
EndProjectSection
EndProject
Project("{2150E333-8FDC-42A3-9474-1A3956D46DE8}") = "FSharpReferenceTests", "FSharpReferenceTests", "{21778CF4-AC0E-4D75-8894-A699A41B33BF}"
ProjectSection(SolutionItems) = preProject
	FsharpReferenceTests\README.md = FsharpReferenceTests\README.md
EndProjectSection
EndProject
Project("{2150E333-8FDC-42A3-9474-1A3956D46DE8}") = "Lessons", "Lessons", "{0D2D3A43-BA20-4218-AF3F-F6C00E35B277}"
EndProject
Project("{F2A71F9B-5D33-465A-A702-920D77279786}") = "Collections", "Lessons\Collections\Collections.fsproj", "{97547CEB-9039-4B0F-A57C-C5E862A2949F}"
EndProject
Project("{F2A71F9B-5D33-465A-A702-920D77279786}") = "ConditionalsAndLoops", "Lessons\ConditionalsAndLoops\ConditionalsAndLoops.fsproj", "{86300C84-E8C3-423C-A313-047D08540807}"
EndProject
Project("{F2A71F9B-5D33-465A-A702-920D77279786}") = "Functions", "Lessons\Functions\Functions.fsproj", "{C7CA9C0E-2441-4C96-8AD1-E7BD2691C12B}"
EndProject
Project("{F2A71F9B-5D33-465A-A702-920D77279786}") = "HelloWorld", "Lessons\HelloWorld\HelloWorld.fsproj", "{2876F674-0F96-4E8A-969B-390C193F64FC}"
EndProject
Project("{F2A71F9B-5D33-465A-A702-920D77279786}") = "MathOperations", "Lessons\MathOperations\MathOperations.fsproj", "{439A2F11-3755-422F-ABEE-6B0735ED109B}"
EndProject
Project("{F2A71F9B-5D33-465A-A702-920D77279786}") = "VariablesAndDataTypes", "Lessons\VariablesAndDataTypes\VariablesAndDataTypes.fsproj", "{2932CA5E-521C-434B-A307-BC039630A363}"
EndProject
Project("{F2A71F9B-5D33-465A-A702-920D77279786}") = "Blackjack", "Programs\Blackjack\Blackjack.fsproj", "{50885F10-DAFD-473B-B82D-B75ADE1D010B}"
EndProject
Project("{F2A71F9B-5D33-465A-A702-920D77279786}") = "CardsApp", "Programs\CardsApp\CardsApp.fsproj", "{AF55468C-7C90-4419-A436-760183B48C95}"
EndProject
Project("{F2A71F9B-5D33-465A-A702-920D77279786}") = "GuessingGame", "Programs\GuessingGame\GuessingGame.fsproj", "{5A1A5E4B-0C2C-41C0-BF07-0371A12AD395}"
EndProject
Project("{F2A71F9B-5D33-465A-A702-920D77279786}") = "HuntTheWumpus", "Programs\HuntTheWumpus\HuntTheWumpus.fsproj", "{29F6C0A6-6D79-4405-9A4D-7D40E4D37A6D}"
EndProject
Project("{F2A71F9B-5D33-465A-A702-920D77279786}") = "FSharpReference", "FsharpReferenceTests\FSharpReference\FSharpReference.fsproj", "{09AFC453-5E80-442B-9D2C-CF677936671A}"
EndProject
Global
	GlobalSection(SolutionConfigurationPlatforms) = preSolution
		Debug|Any CPU = Debug|Any CPU
		Debug|x64 = Debug|x64
		Debug|x86 = Debug|x86
		Release|Any CPU = Release|Any CPU
		Release|x64 = Release|x64
		Release|x86 = Release|x86
	EndGlobalSection
	GlobalSection(SolutionProperties) = preSolution
		HideSolutionNode = FALSE
	EndGlobalSection
	GlobalSection(ProjectConfigurationPlatforms) = postSolution
		{97547CEB-9039-4B0F-A57C-C5E862A2949F}.Debug|Any CPU.ActiveCfg = Debug|Any CPU
		{97547CEB-9039-4B0F-A57C-C5E862A2949F}.Debug|Any CPU.Build.0 = Debug|Any CPU
		{97547CEB-9039-4B0F-A57C-C5E862A2949F}.Debug|x64.ActiveCfg = Debug|Any CPU
		{97547CEB-9039-4B0F-A57C-C5E862A2949F}.Debug|x64.Build.0 = Debug|Any CPU
		{97547CEB-9039-4B0F-A57C-C5E862A2949F}.Debug|x86.ActiveCfg = Debug|Any CPU
		{97547CEB-9039-4B0F-A57C-C5E862A2949F}.Debug|x86.Build.0 = Debug|Any CPU
		{97547CEB-9039-4B0F-A57C-C5E862A2949F}.Release|Any CPU.ActiveCfg = Release|Any CPU
		{97547CEB-9039-4B0F-A57C-C5E862A2949F}.Release|Any CPU.Build.0 = Release|Any CPU
		{97547CEB-9039-4B0F-A57C-C5E862A2949F}.Release|x64.ActiveCfg = Release|Any CPU
		{97547CEB-9039-4B0F-A57C-C5E862A2949F}.Release|x64.Build.0 = Release|Any CPU
		{97547CEB-9039-4B0F-A57C-C5E862A2949F}.Release|x86.ActiveCfg = Release|Any CPU
		{97547CEB-9039-4B0F-A57C-C5E862A2949F}.Release|x86.Build.0 = Release|Any CPU
		{86300C84-E8C3-423C-A313-047D08540807}.Debug|Any CPU.ActiveCfg = Debug|Any CPU
		{86300C84-E8C3-423C-A313-047D08540807}.Debug|Any CPU.Build.0 = Debug|Any CPU
		{86300C84-E8C3-423C-A313-047D08540807}.Debug|x64.ActiveCfg = Debug|Any CPU
		{86300C84-E8C3-423C-A313-047D08540807}.Debug|x64.Build.0 = Debug|Any CPU
		{86300C84-E8C3-423C-A313-047D08540807}.Debug|x86.ActiveCfg = Debug|Any CPU
		{86300C84-E8C3-423C-A313-047D08540807}.Debug|x86.Build.0 = Debug|Any CPU
		{86300C84-E8C3-423C-A313-047D08540807}.Release|Any CPU.ActiveCfg = Release|Any CPU
		{86300C84-E8C3-423C-A313-047D08540807}.Release|Any CPU.Build.0 = Release|Any CPU
		{86300C84-E8C3-423C-A313-047D08540807}.Release|x64.ActiveCfg = Release|Any CPU
		{86300C84-E8C3-423C-A313-047D08540807}.Release|x64.Build.0 = Release|Any CPU
		{86300C84-E8C3-423C-A313-047D08540807}.Release|x86.ActiveCfg = Release|Any CPU
		{86300C84-E8C3-423C-A313-047D08540807}.Release|x86.Build.0 = Release|Any CPU
		{C7CA9C0E-2441-4C96-8AD1-E7BD2691C12B}.Debug|Any CPU.ActiveCfg = Debug|Any CPU
		{C7CA9C0E-2441-4C96-8AD1-E7BD2691C12B}.Debug|Any CPU.Build.0 = Debug|Any CPU
		{C7CA9C0E-2441-4C96-8AD1-E7BD2691C12B}.Debug|x64.ActiveCfg = Debug|Any CPU
		{C7CA9C0E-2441-4C96-8AD1-E7BD2691C12B}.Debug|x64.Build.0 = Debug|Any CPU
		{C7CA9C0E-2441-4C96-8AD1-E7BD2691C12B}.Debug|x86.ActiveCfg = Debug|Any CPU
		{C7CA9C0E-2441-4C96-8AD1-E7BD2691C12B}.Debug|x86.Build.0 = Debug|Any CPU
		{C7CA9C0E-2441-4C96-8AD1-E7BD2691C12B}.Release|Any CPU.ActiveCfg = Release|Any CPU
		{C7CA9C0E-2441-4C96-8AD1-E7BD2691C12B}.Release|Any CPU.Build.0 = Release|Any CPU
		{C7CA9C0E-2441-4C96-8AD1-E7BD2691C12B}.Release|x64.ActiveCfg = Release|Any CPU
		{C7CA9C0E-2441-4C96-8AD1-E7BD2691C12B}.Release|x64.Build.0 = Release|Any CPU
		{C7CA9C0E-2441-4C96-8AD1-E7BD2691C12B}.Release|x86.ActiveCfg = Release|Any CPU
		{C7CA9C0E-2441-4C96-8AD1-E7BD2691C12B}.Release|x86.Build.0 = Release|Any CPU
		{2876F674-0F96-4E8A-969B-390C193F64FC}.Debug|Any CPU.ActiveCfg = Debug|Any CPU
		{2876F674-0F96-4E8A-969B-390C193F64FC}.Debug|Any CPU.Build.0 = Debug|Any CPU
		{2876F674-0F96-4E8A-969B-390C193F64FC}.Debug|x64.ActiveCfg = Debug|Any CPU
		{2876F674-0F96-4E8A-969B-390C193F64FC}.Debug|x64.Build.0 = Debug|Any CPU
		{2876F674-0F96-4E8A-969B-390C193F64FC}.Debug|x86.ActiveCfg = Debug|Any CPU
		{2876F674-0F96-4E8A-969B-390C193F64FC}.Debug|x86.Build.0 = Debug|Any CPU
		{2876F674-0F96-4E8A-969B-390C193F64FC}.Release|Any CPU.ActiveCfg = Release|Any CPU
		{2876F674-0F96-4E8A-969B-390C193F64FC}.Release|Any CPU.Build.0 = Release|Any CPU
		{2876F674-0F96-4E8A-969B-390C193F64FC}.Release|x64.ActiveCfg = Release|Any CPU
		{2876F674-0F96-4E8A-969B-390C193F64FC}.Release|x64.Build.0 = Release|Any CPU
		{2876F674-0F96-4E8A-969B-390C193F64FC}.Release|x86.ActiveCfg = Release|Any CPU
		{2876F674-0F96-4E8A-969B-390C193F64FC}.Release|x86.Build.0 = Release|Any CPU
		{439A2F11-3755-422F-ABEE-6B0735ED109B}.Debug|Any CPU.ActiveCfg = Debug|Any CPU
		{439A2F11-3755-422F-ABEE-6B0735ED109B}.Debug|Any CPU.Build.0 = Debug|Any CPU
		{439A2F11-3755-422F-ABEE-6B0735ED109B}.Debug|x64.ActiveCfg = Debug|Any CPU
		{439A2F11-3755-422F-ABEE-6B0735ED109B}.Debug|x64.Build.0 = Debug|Any CPU
		{439A2F11-3755-422F-ABEE-6B0735ED109B}.Debug|x86.ActiveCfg = Debug|Any CPU
		{439A2F11-3755-422F-ABEE-6B0735ED109B}.Debug|x86.Build.0 = Debug|Any CPU
		{439A2F11-3755-422F-ABEE-6B0735ED109B}.Release|Any CPU.ActiveCfg = Release|Any CPU
		{439A2F11-3755-422F-ABEE-6B0735ED109B}.Release|Any CPU.Build.0 = Release|Any CPU
		{439A2F11-3755-422F-ABEE-6B0735ED109B}.Release|x64.ActiveCfg = Release|Any CPU
		{439A2F11-3755-422F-ABEE-6B0735ED109B}.Release|x64.Build.0 = Release|Any CPU
		{439A2F11-3755-422F-ABEE-6B0735ED109B}.Release|x86.ActiveCfg = Release|Any CPU
		{439A2F11-3755-422F-ABEE-6B0735ED109B}.Release|x86.Build.0 = Release|Any CPU
		{2932CA5E-521C-434B-A307-BC039630A363}.Debug|Any CPU.ActiveCfg = Debug|Any CPU
		{2932CA5E-521C-434B-A307-BC039630A363}.Debug|Any CPU.Build.0 = Debug|Any CPU
		{2932CA5E-521C-434B-A307-BC039630A363}.Debug|x64.ActiveCfg = Debug|Any CPU
		{2932CA5E-521C-434B-A307-BC039630A363}.Debug|x64.Build.0 = Debug|Any CPU
		{2932CA5E-521C-434B-A307-BC039630A363}.Debug|x86.ActiveCfg = Debug|Any CPU
		{2932CA5E-521C-434B-A307-BC039630A363}.Debug|x86.Build.0 = Debug|Any CPU
		{2932CA5E-521C-434B-A307-BC039630A363}.Release|Any CPU.ActiveCfg = Release|Any CPU
		{2932CA5E-521C-434B-A307-BC039630A363}.Release|Any CPU.Build.0 = Release|Any CPU
		{2932CA5E-521C-434B-A307-BC039630A363}.Release|x64.ActiveCfg = Release|Any CPU
		{2932CA5E-521C-434B-A307-BC039630A363}.Release|x64.Build.0 = Release|Any CPU
		{2932CA5E-521C-434B-A307-BC039630A363}.Release|x86.ActiveCfg = Release|Any CPU
		{2932CA5E-521C-434B-A307-BC039630A363}.Release|x86.Build.0 = Release|Any CPU
		{50885F10-DAFD-473B-B82D-B75ADE1D010B}.Debug|Any CPU.ActiveCfg = Debug|Any CPU
		{50885F10-DAFD-473B-B82D-B75ADE1D010B}.Debug|Any CPU.Build.0 = Debug|Any CPU
		{50885F10-DAFD-473B-B82D-B75ADE1D010B}.Debug|x64.ActiveCfg = Debug|Any CPU
		{50885F10-DAFD-473B-B82D-B75ADE1D010B}.Debug|x64.Build.0 = Debug|Any CPU
		{50885F10-DAFD-473B-B82D-B75ADE1D010B}.Debug|x86.ActiveCfg = Debug|Any CPU
		{50885F10-DAFD-473B-B82D-B75ADE1D010B}.Debug|x86.Build.0 = Debug|Any CPU
		{50885F10-DAFD-473B-B82D-B75ADE1D010B}.Release|Any CPU.ActiveCfg = Release|Any CPU
		{50885F10-DAFD-473B-B82D-B75ADE1D010B}.Release|Any CPU.Build.0 = Release|Any CPU
		{50885F10-DAFD-473B-B82D-B75ADE1D010B}.Release|x64.ActiveCfg = Release|Any CPU
		{50885F10-DAFD-473B-B82D-B75ADE1D010B}.Release|x64.Build.0 = Release|Any CPU
		{50885F10-DAFD-473B-B82D-B75ADE1D010B}.Release|x86.ActiveCfg = Release|Any CPU
		{50885F10-DAFD-473B-B82D-B75ADE1D010B}.Release|x86.Build.0 = Release|Any CPU
		{AF55468C-7C90-4419-A436-760183B48C95}.Debug|Any CPU.ActiveCfg = Debug|Any CPU
		{AF55468C-7C90-4419-A436-760183B48C95}.Debug|Any CPU.Build.0 = Debug|Any CPU
		{AF55468C-7C90-4419-A436-760183B48C95}.Debug|x64.ActiveCfg = Debug|Any CPU
		{AF55468C-7C90-4419-A436-760183B48C95}.Debug|x64.Build.0 = Debug|Any CPU
		{AF55468C-7C90-4419-A436-760183B48C95}.Debug|x86.ActiveCfg = Debug|Any CPU
		{AF55468C-7C90-4419-A436-760183B48C95}.Debug|x86.Build.0 = Debug|Any CPU
		{AF55468C-7C90-4419-A436-760183B48C95}.Release|Any CPU.ActiveCfg = Release|Any CPU
		{AF55468C-7C90-4419-A436-760183B48C95}.Release|Any CPU.Build.0 = Release|Any CPU
		{AF55468C-7C90-4419-A436-760183B48C95}.Release|x64.ActiveCfg = Release|Any CPU
		{AF55468C-7C90-4419-A436-760183B48C95}.Release|x64.Build.0 = Release|Any CPU
		{AF55468C-7C90-4419-A436-760183B48C95}.Release|x86.ActiveCfg = Release|Any CPU
		{AF55468C-7C90-4419-A436-760183B48C95}.Release|x86.Build.0 = Release|Any CPU
		{5A1A5E4B-0C2C-41C0-BF07-0371A12AD395}.Debug|Any CPU.ActiveCfg = Debug|Any CPU
		{5A1A5E4B-0C2C-41C0-BF07-0371A12AD395}.Debug|Any CPU.Build.0 = Debug|Any CPU
		{5A1A5E4B-0C2C-41C0-BF07-0371A12AD395}.Debug|x64.ActiveCfg = Debug|Any CPU
		{5A1A5E4B-0C2C-41C0-BF07-0371A12AD395}.Debug|x64.Build.0 = Debug|Any CPU
		{5A1A5E4B-0C2C-41C0-BF07-0371A12AD395}.Debug|x86.ActiveCfg = Debug|Any CPU
		{5A1A5E4B-0C2C-41C0-BF07-0371A12AD395}.Debug|x86.Build.0 = Debug|Any CPU
		{5A1A5E4B-0C2C-41C0-BF07-0371A12AD395}.Release|Any CPU.ActiveCfg = Release|Any CPU
		{5A1A5E4B-0C2C-41C0-BF07-0371A12AD395}.Release|Any CPU.Build.0 = Release|Any CPU
		{5A1A5E4B-0C2C-41C0-BF07-0371A12AD395}.Release|x64.ActiveCfg = Release|Any CPU
		{5A1A5E4B-0C2C-41C0-BF07-0371A12AD395}.Release|x64.Build.0 = Release|Any CPU
		{5A1A5E4B-0C2C-41C0-BF07-0371A12AD395}.Release|x86.ActiveCfg = Release|Any CPU
		{5A1A5E4B-0C2C-41C0-BF07-0371A12AD395}.Release|x86.Build.0 = Release|Any CPU
		{29F6C0A6-6D79-4405-9A4D-7D40E4D37A6D}.Debug|Any CPU.ActiveCfg = Debug|Any CPU
		{29F6C0A6-6D79-4405-9A4D-7D40E4D37A6D}.Debug|Any CPU.Build.0 = Debug|Any CPU
		{29F6C0A6-6D79-4405-9A4D-7D40E4D37A6D}.Debug|x64.ActiveCfg = Debug|Any CPU
		{29F6C0A6-6D79-4405-9A4D-7D40E4D37A6D}.Debug|x64.Build.0 = Debug|Any CPU
		{29F6C0A6-6D79-4405-9A4D-7D40E4D37A6D}.Debug|x86.ActiveCfg = Debug|Any CPU
		{29F6C0A6-6D79-4405-9A4D-7D40E4D37A6D}.Debug|x86.Build.0 = Debug|Any CPU
		{29F6C0A6-6D79-4405-9A4D-7D40E4D37A6D}.Release|Any CPU.ActiveCfg = Release|Any CPU
		{29F6C0A6-6D79-4405-9A4D-7D40E4D37A6D}.Release|Any CPU.Build.0 = Release|Any CPU
		{29F6C0A6-6D79-4405-9A4D-7D40E4D37A6D}.Release|x64.ActiveCfg = Release|Any CPU
		{29F6C0A6-6D79-4405-9A4D-7D40E4D37A6D}.Release|x64.Build.0 = Release|Any CPU
		{29F6C0A6-6D79-4405-9A4D-7D40E4D37A6D}.Release|x86.ActiveCfg = Release|Any CPU
		{29F6C0A6-6D79-4405-9A4D-7D40E4D37A6D}.Release|x86.Build.0 = Release|Any CPU
		{09AFC453-5E80-442B-9D2C-CF677936671A}.Debug|Any CPU.ActiveCfg = Debug|Any CPU
		{09AFC453-5E80-442B-9D2C-CF677936671A}.Debug|Any CPU.Build.0 = Debug|Any CPU
		{09AFC453-5E80-442B-9D2C-CF677936671A}.Debug|x64.ActiveCfg = Debug|Any CPU
		{09AFC453-5E80-442B-9D2C-CF677936671A}.Debug|x64.Build.0 = Debug|Any CPU
		{09AFC453-5E80-442B-9D2C-CF677936671A}.Debug|x86.ActiveCfg = Debug|Any CPU
		{09AFC453-5E80-442B-9D2C-CF677936671A}.Debug|x86.Build.0 = Debug|Any CPU
		{09AFC453-5E80-442B-9D2C-CF677936671A}.Release|Any CPU.ActiveCfg = Release|Any CPU
		{09AFC453-5E80-442B-9D2C-CF677936671A}.Release|Any CPU.Build.0 = Release|Any CPU
		{09AFC453-5E80-442B-9D2C-CF677936671A}.Release|x64.ActiveCfg = Release|Any CPU
		{09AFC453-5E80-442B-9D2C-CF677936671A}.Release|x64.Build.0 = Release|Any CPU
		{09AFC453-5E80-442B-9D2C-CF677936671A}.Release|x86.ActiveCfg = Release|Any CPU
		{09AFC453-5E80-442B-9D2C-CF677936671A}.Release|x86.Build.0 = Release|Any CPU
	EndGlobalSection
	GlobalSection(NestedProjects) = preSolution
		{97547CEB-9039-4B0F-A57C-C5E862A2949F} = {0D2D3A43-BA20-4218-AF3F-F6C00E35B277}
		{86300C84-E8C3-423C-A313-047D08540807} = {0D2D3A43-BA20-4218-AF3F-F6C00E35B277}
		{C7CA9C0E-2441-4C96-8AD1-E7BD2691C12B} = {0D2D3A43-BA20-4218-AF3F-F6C00E35B277}
		{2876F674-0F96-4E8A-969B-390C193F64FC} = {0D2D3A43-BA20-4218-AF3F-F6C00E35B277}
		{439A2F11-3755-422F-ABEE-6B0735ED109B} = {0D2D3A43-BA20-4218-AF3F-F6C00E35B277}
		{2932CA5E-521C-434B-A307-BC039630A363} = {0D2D3A43-BA20-4218-AF3F-F6C00E35B277}
		{50885F10-DAFD-473B-B82D-B75ADE1D010B} = {CBD073E3-139D-4B4B-8080-8686F4DC454E}
		{AF55468C-7C90-4419-A436-760183B48C95} = {CBD073E3-139D-4B4B-8080-8686F4DC454E}
		{5A1A5E4B-0C2C-41C0-BF07-0371A12AD395} = {CBD073E3-139D-4B4B-8080-8686F4DC454E}
		{29F6C0A6-6D79-4405-9A4D-7D40E4D37A6D} = {CBD073E3-139D-4B4B-8080-8686F4DC454E}
		{09AFC453-5E80-442B-9D2C-CF677936671A} = {21778CF4-AC0E-4D75-8894-A699A41B33BF}
	EndGlobalSection
EndGlobal
